
Microsoft Visual Studio Solution File, Format Version 12.00
# Visual Studio Version 17
VisualStudioVersion = 17.10.35201.131
MinimumVisualStudioVersion = 10.0.40219.1
Project("{FAE04EC0-301F-11D3-BF4B-00C04F79EFBC}") = "MethodSubmissionAssignment", "MethodSubmissionAssignment.csproj", "{60534B03-921A-4353-8645-154C5FAAEFEC}"
EndProject
Global
	GlobalSection(SolutionConfigurationPlatforms) = preSolution
		Debug|Any CPU = Debug|Any CPU
		Release|Any CPU = Release|Any CPU
	EndGlobalSection
	GlobalSection(ProjectConfigurationPlatforms) = postSolution
		{60534B03-921A-4353-8645-154C5FAAEFEC}.Debug|Any CPU.ActiveCfg = Debug|Any CPU
		{60534B03-921A-4353-8645-154C5FAAEFEC}.Debug|Any CPU.Build.0 = Debug|Any CPU
		{60534B03-921A-4353-8645-154C5FAAEFEC}.Release|Any CPU.ActiveCfg = Release|Any CPU
		{60534B03-921A-4353-8645-154C5FAAEFEC}.Release|Any CPU.Build.0 = Release|Any CPU
	EndGlobalSection
	GlobalSection(SolutionProperties) = preSolution
		HideSolutionNode = FALSE
	EndGlobalSection
	GlobalSection(ExtensibilityGlobals) = postSolution
		SolutionGuid = {5C2D30FA-7448-4459-AE95-A0E5C3C236C4}
	EndGlobalSection
EndGlobal
